
Microsoft Visual Studio Solution File, Format Version 12.00
# Visual Studio 2015
Project("{FAE04EC0-301F-11D3-BF4B-00C04F79EFBC}") = "AnimalRace", "AnimalRace.csproj", "{4EA881D3-C82A-141B-58D0-73B8541DEEB1}"
EndProject
Global
	GlobalSection(SolutionConfigurationPlatforms) = preSolution
		Debug|Any CPU = Debug|Any CPU
		Release|Any CPU = Release|Any CPU
	EndGlobalSection
	GlobalSection(ProjectConfigurationPlatforms) = postSolution
		{4EA881D3-C82A-141B-58D0-73B8541DEEB1}.Debug|Any CPU.ActiveCfg = Debug|Any CPU
		{4EA881D3-C82A-141B-58D0-73B8541DEEB1}.Debug|Any CPU.Build.0 = Debug|Any CPU
		{4EA881D3-C82A-141B-58D0-73B8541DEEB1}.Release|Any CPU.ActiveCfg = Release|Any CPU
		{4EA881D3-C82A-141B-58D0-73B8541DEEB1}.Release|Any CPU.Build.0 = Release|Any CPU
	EndGlobalSection
	GlobalSection(SolutionProperties) = preSolution
		HideSolutionNode = FALSE
	EndGlobalSection
EndGlobal
